
Microsoft Visual Studio Solution File, Format Version 12.00
# Visual Studio Version 17
VisualStudioVersion = 17.0.31808.319
MinimumVisualStudioVersion = 10.0.40219.1
Project("{FAE04EC0-301F-11D3-BF4B-00C04F79EFBC}") = "GenerallySport", "GenerallySport\GenerallySport.csproj", "{077A7F5E-AF13-4492-8F3C-511955011FE7}"
EndProject
Global
	GlobalSection(SolutionConfigurationPlatforms) = preSolution
		Debug|Any CPU = Debug|Any CPU
		Release|Any CPU = Release|Any CPU
	EndGlobalSection
	GlobalSection(ProjectConfigurationPlatforms) = postSolution
		{077A7F5E-AF13-4492-8F3C-511955011FE7}.Debug|Any CPU.ActiveCfg = Debug|Any CPU
		{077A7F5E-AF13-4492-8F3C-511955011FE7}.Debug|Any CPU.Build.0 = Debug|Any CPU
		{077A7F5E-AF13-4492-8F3C-511955011FE7}.Release|Any CPU.ActiveCfg = Release|Any CPU
		{077A7F5E-AF13-4492-8F3C-511955011FE7}.Release|Any CPU.Build.0 = Release|Any CPU
	EndGlobalSection
	GlobalSection(SolutionProperties) = preSolution
		HideSolutionNode = FALSE
	EndGlobalSection
	GlobalSection(ExtensibilityGlobals) = postSolution
		SolutionGuid = {CD7CCC13-C088-4ACE-8E20-048BB0000F23}
	EndGlobalSection
EndGlobal
